
Microsoft Visual Studio Solution File, Format Version 12.00
# Visual Studio Version 16
VisualStudioVersion = 16.0.31424.327
MinimumVisualStudioVersion = 10.0.40219.1
Project("{9A19103F-16F7-4668-BE54-9A1E7A4F7556}") = "DaprCounter", "DaprCounter.csproj", "{EC905757-57A6-4584-9B3C-C5C6FFBB70DA}"
EndProject
Project("{E53339B2-1760-4266-BCC7-CA923CBCF16C}") = "docker-compose", "docker-compose.dcproj", "{24B99FA0-3392-4CA8-AE71-264247B9C089}"
EndProject
Global
	GlobalSection(SolutionConfigurationPlatforms) = preSolution
		Debug|Any CPU = Debug|Any CPU
		Release|Any CPU = Release|Any CPU
	EndGlobalSection
	GlobalSection(ProjectConfigurationPlatforms) = postSolution
		{EC905757-57A6-4584-9B3C-C5C6FFBB70DA}.Debug|Any CPU.ActiveCfg = Debug|Any CPU
		{EC905757-57A6-4584-9B3C-C5C6FFBB70DA}.Debug|Any CPU.Build.0 = Debug|Any CPU
		{EC905757-57A6-4584-9B3C-C5C6FFBB70DA}.Release|Any CPU.ActiveCfg = Release|Any CPU
		{EC905757-57A6-4584-9B3C-C5C6FFBB70DA}.Release|Any CPU.Build.0 = Release|Any CPU
		{24B99FA0-3392-4CA8-AE71-264247B9C089}.Debug|Any CPU.ActiveCfg = Debug|Any CPU
		{24B99FA0-3392-4CA8-AE71-264247B9C089}.Debug|Any CPU.Build.0 = Debug|Any CPU
		{24B99FA0-3392-4CA8-AE71-264247B9C089}.Release|Any CPU.ActiveCfg = Release|Any CPU
		{24B99FA0-3392-4CA8-AE71-264247B9C089}.Release|Any CPU.Build.0 = Release|Any CPU
	EndGlobalSection
	GlobalSection(SolutionProperties) = preSolution
		HideSolutionNode = FALSE
	EndGlobalSection
	GlobalSection(ExtensibilityGlobals) = postSolution
		SolutionGuid = {E323E388-0E1B-4F67-9867-BCB172AF3F3D}
	EndGlobalSection
EndGlobal
