
Microsoft Visual Studio Solution File, Format Version 12.00
# Visual Studio Version 16
VisualStudioVersion = 16.0.31424.327
MinimumVisualStudioVersion = 10.0.40219.1
Project("{9A19103F-16F7-4668-BE54-9A1E7A4F7556}") = "DaprBackEnd", "DaprBackEnd\DaprBackEnd.csproj", "{73CDFC59-BC5F-44CD-A0AC-0CF0B0141EC7}"
EndProject
Project("{E53339B2-1760-4266-BCC7-CA923CBCF16C}") = "docker-compose", "docker-compose.dcproj", "{5BADE7A3-E09E-49CD-A999-0C97AC51F8A7}"
EndProject
Project("{9A19103F-16F7-4668-BE54-9A1E7A4F7556}") = "BlazorServerApp", "BlazorServerApp\BlazorServerApp.csproj", "{8AE4B00A-8BEF-4E06-B811-609A71BB7BA4}"
EndProject
Project("{2150E333-8FDC-42A3-9474-1A3956D46DE8}") = "Solution Items", "Solution Items", "{CED9BE31-E519-4323-8B7C-68AE8CDBF953}"
EndProject
Global
	GlobalSection(SolutionConfigurationPlatforms) = preSolution
		Debug|Any CPU = Debug|Any CPU
		Release|Any CPU = Release|Any CPU
	EndGlobalSection
	GlobalSection(ProjectConfigurationPlatforms) = postSolution
		{73CDFC59-BC5F-44CD-A0AC-0CF0B0141EC7}.Debug|Any CPU.ActiveCfg = Debug|Any CPU
		{73CDFC59-BC5F-44CD-A0AC-0CF0B0141EC7}.Debug|Any CPU.Build.0 = Debug|Any CPU
		{73CDFC59-BC5F-44CD-A0AC-0CF0B0141EC7}.Release|Any CPU.ActiveCfg = Release|Any CPU
		{73CDFC59-BC5F-44CD-A0AC-0CF0B0141EC7}.Release|Any CPU.Build.0 = Release|Any CPU
		{5BADE7A3-E09E-49CD-A999-0C97AC51F8A7}.Debug|Any CPU.ActiveCfg = Debug|Any CPU
		{5BADE7A3-E09E-49CD-A999-0C97AC51F8A7}.Debug|Any CPU.Build.0 = Debug|Any CPU
		{5BADE7A3-E09E-49CD-A999-0C97AC51F8A7}.Release|Any CPU.ActiveCfg = Release|Any CPU
		{5BADE7A3-E09E-49CD-A999-0C97AC51F8A7}.Release|Any CPU.Build.0 = Release|Any CPU
		{8AE4B00A-8BEF-4E06-B811-609A71BB7BA4}.Debug|Any CPU.ActiveCfg = Debug|Any CPU
		{8AE4B00A-8BEF-4E06-B811-609A71BB7BA4}.Debug|Any CPU.Build.0 = Debug|Any CPU
		{8AE4B00A-8BEF-4E06-B811-609A71BB7BA4}.Release|Any CPU.ActiveCfg = Release|Any CPU
		{8AE4B00A-8BEF-4E06-B811-609A71BB7BA4}.Release|Any CPU.Build.0 = Release|Any CPU
	EndGlobalSection
	GlobalSection(SolutionProperties) = preSolution
		HideSolutionNode = FALSE
	EndGlobalSection
	GlobalSection(ExtensibilityGlobals) = postSolution
		SolutionGuid = {68C05A09-7A66-4162-9F4B-EF7752C7BDDA}
	EndGlobalSection
EndGlobal
